
Microsoft Visual Studio Solution File, Format Version 12.00
# Visual Studio Version 16
VisualStudioVersion = 16.0.30907.101
MinimumVisualStudioVersion = 10.0.40219.1
Project("{FAE04EC0-301F-11D3-BF4B-00C04F79EFBC}") = "ClassMetotDemo", "ClassMetotDemo\ClassMetotDemo.csproj", "{0BB1944F-A820-43E0-A05D-DD8AA2CF2A3D}"
EndProject
Global
	GlobalSection(SolutionConfigurationPlatforms) = preSolution
		Debug|Any CPU = Debug|Any CPU
		Release|Any CPU = Release|Any CPU
	EndGlobalSection
	GlobalSection(ProjectConfigurationPlatforms) = postSolution
		{0BB1944F-A820-43E0-A05D-DD8AA2CF2A3D}.Debug|Any CPU.ActiveCfg = Debug|Any CPU
		{0BB1944F-A820-43E0-A05D-DD8AA2CF2A3D}.Debug|Any CPU.Build.0 = Debug|Any CPU
		{0BB1944F-A820-43E0-A05D-DD8AA2CF2A3D}.Release|Any CPU.ActiveCfg = Release|Any CPU
		{0BB1944F-A820-43E0-A05D-DD8AA2CF2A3D}.Release|Any CPU.Build.0 = Release|Any CPU
	EndGlobalSection
	GlobalSection(SolutionProperties) = preSolution
		HideSolutionNode = FALSE
	EndGlobalSection
	GlobalSection(ExtensibilityGlobals) = postSolution
		SolutionGuid = {6D4469C7-0E54-40A1-8DE7-FEC8F74F409C}
	EndGlobalSection
EndGlobal
